
Microsoft Visual Studio Solution File, Format Version 12.00
# Visual Studio 15
VisualStudioVersion = 15.0.27703.2042
MinimumVisualStudioVersion = 10.0.40219.1
Project("{159641D6-6404-4A2A-AE62-294DE0FE8301}") = "StagingArea", "src\StagingArea\StagingArea.dtproj", "{D61FA946-2079-4176-9F0D-F9A04C1B7A44}"
EndProject
Global
	GlobalSection(SolutionConfigurationPlatforms) = preSolution
		Development|Default = Development|Default
	EndGlobalSection
	GlobalSection(ProjectConfigurationPlatforms) = postSolution
		{D61FA946-2079-4176-9F0D-F9A04C1B7A44}.Development|Default.ActiveCfg = Development
		{D61FA946-2079-4176-9F0D-F9A04C1B7A44}.Development|Default.Build.0 = Development
	EndGlobalSection
	GlobalSection(SolutionProperties) = preSolution
		HideSolutionNode = FALSE
	EndGlobalSection
	GlobalSection(ExtensibilityGlobals) = postSolution
		SolutionGuid = {E6A4A578-CBC5-4968-B896-AB8F7CC09678}
	EndGlobalSection
EndGlobal
